# This file is autogenerated, do not edit; changes may be undone by the next 'dep ensure'.


[[projects]]
  branch = "master"
  name = "github.com/dmitry-appnext/easyvk"
  packages = ["."]
  revision = "3268e5931c7d9df59de337e9da2179104d569fcb"

[[projects]]
  branch = "master"
  name = "golang.org/x/net"
  packages = [
    "html",
    "html/atom"
  ]
  revision = "d0aafc73d5cdc42264b0af071c261abac580695e"

[solve-meta]
  analyzer-name = "dep"
  analyzer-version = 1
  inputs-digest = "a9922423aba1929290a1bc4468a03718eb9810835f62b585234ffcb152b2e80c"
  solver-name = "gps-cdcl"
  solver-version = 1
